
Microsoft Visual Studio Solution File, Format Version 12.00
# Visual Studio Version 17
VisualStudioVersion = 17.1.32328.378
MinimumVisualStudioVersion = 10.0.40219.1
Project("{FAE04EC0-301F-11D3-BF4B-00C04F79EFBC}") = "Thresen - GastroApp", "Thresen - GastroApp\Thresen - GastroApp.csproj", "{7F64B0D2-2E34-4D45-8D7E-1DC5130AF54D}"
EndProject
Global
	GlobalSection(SolutionConfigurationPlatforms) = preSolution
		Debug|Any CPU = Debug|Any CPU
		Release|Any CPU = Release|Any CPU
	EndGlobalSection
	GlobalSection(ProjectConfigurationPlatforms) = postSolution
		{7F64B0D2-2E34-4D45-8D7E-1DC5130AF54D}.Debug|Any CPU.ActiveCfg = Debug|Any CPU
		{7F64B0D2-2E34-4D45-8D7E-1DC5130AF54D}.Debug|Any CPU.Build.0 = Debug|Any CPU
		{7F64B0D2-2E34-4D45-8D7E-1DC5130AF54D}.Release|Any CPU.ActiveCfg = Release|Any CPU
		{7F64B0D2-2E34-4D45-8D7E-1DC5130AF54D}.Release|Any CPU.Build.0 = Release|Any CPU
	EndGlobalSection
	GlobalSection(SolutionProperties) = preSolution
		HideSolutionNode = FALSE
	EndGlobalSection
	GlobalSection(ExtensibilityGlobals) = postSolution
		SolutionGuid = {C06178F6-F0C1-4701-B083-FE50A5264739}
	EndGlobalSection
EndGlobal
